// !$*UTF8*$!
{
	archiveVersion = 1;
	classes = {
	};
	objectVersion = 46;
	objects = {

/* Begin PBXBuildFile section */
		50AB7DFA1DF740F800E5CC26 /* LocationController.m in Sources */ = {isa = PBXBuildFile; fileRef = 50AB7DF91DF740F800E5CC26 /* LocationController.m */; };
		50AB7DFD1DF74FBE00E5CC26 /* DetailViewController.m in Sources */ = {isa = PBXBuildFile; fileRef = 50AB7DFC1DF74FBE00E5CC26 /* DetailViewController.m */; };
		50BCCB5A1DF5E8B100FCA904 /* main.m in Sources */ = {isa = PBXBuildFile; fileRef = 50BCCB591DF5E8B100FCA904 /* main.m */; };
		50BCCB5D1DF5E8B100FCA904 /* AppDelegate.m in Sources */ = {isa = PBXBuildFile; fileRef = 50BCCB5C1DF5E8B100FCA904 /* AppDelegate.m */; };
		50BCCB601DF5E8B100FCA904 /* ViewController.m in Sources */ = {isa = PBXBuildFile; fileRef = 50BCCB5F1DF5E8B100FCA904 /* ViewController.m */; };
		50BCCB631DF5E8B100FCA904 /* Main.storyboard in Resources */ = {isa = PBXBuildFile; fileRef = 50BCCB611DF5E8B100FCA904 /* Main.storyboard */; };
		50BCCB651DF5E8B100FCA904 /* Assets.xcassets in Resources */ = {isa = PBXBuildFile; fileRef = 50BCCB641DF5E8B100FCA904 /* Assets.xcassets */; };
		50BCCB681DF5E8B100FCA904 /* LaunchScreen.storyboard in Resources */ = {isa = PBXBuildFile; fileRef = 50BCCB661DF5E8B100FCA904 /* LaunchScreen.storyboard */; };
		50BCCB7D1DF5EFEC00FCA904 /* Bolts.framework in Frameworks */ = {isa = PBXBuildFile; fileRef = 50BCCB7C1DF5EFEC00FCA904 /* Bolts.framework */; };
		50BCCB7F1DF5EFF600FCA904 /* Parse.framework in Frameworks */ = {isa = PBXBuildFile; fileRef = 50BCCB7E1DF5EFF600FCA904 /* Parse.framework */; };
		50BCCB801DF5F00600FCA904 /* Parse.framework in CopyFiles */ = {isa = PBXBuildFile; fileRef = 50BCCB7E1DF5EFF600FCA904 /* Parse.framework */; settings = {ATTRIBUTES = (CodeSignOnCopy, RemoveHeadersOnCopy, ); }; };
		50BCCB811DF5F01000FCA904 /* Bolts.framework in CopyFiles */ = {isa = PBXBuildFile; fileRef = 50BCCB7C1DF5EFEC00FCA904 /* Bolts.framework */; settings = {ATTRIBUTES = (CodeSignOnCopy, RemoveHeadersOnCopy, ); }; };
/* End PBXBuildFile section */

/* Begin PBXCopyFilesBuildPhase section */
		50BCCB781DF5ED6100FCA904 /* CopyFiles */ = {
			isa = PBXCopyFilesBuildPhase;
			buildActionMask = 2147483647;
			dstPath = "";
			dstSubfolderSpec = 10;
			files = (
				50BCCB811DF5F01000FCA904 /* Bolts.framework in CopyFiles */,
				50BCCB801DF5F00600FCA904 /* Parse.framework in CopyFiles */,
			);
			runOnlyForDeploymentPostprocessing = 0;
		};
/* End PBXCopyFilesBuildPhase section */

/* Begin PBXFileReference section */
		50AB7DF81DF740F800E5CC26 /* LocationController.h */ = {isa = PBXFileReference; fileEncoding = 4; lastKnownFileType = sourcecode.c.h; path = LocationController.h; sourceTree = "<group>"; };
		50AB7DF91DF740F800E5CC26 /* LocationController.m */ = {isa = PBXFileReference; fileEncoding = 4; lastKnownFileType = sourcecode.c.objc; path = LocationController.m; sourceTree = "<group>"; };
		50AB7DFB1DF74FBE00E5CC26 /* DetailViewController.h */ = {isa = PBXFileReference; fileEncoding = 4; lastKnownFileType = sourcecode.c.h; path = DetailViewController.h; sourceTree = "<group>"; };
		50AB7DFC1DF74FBE00E5CC26 /* DetailViewController.m */ = {isa = PBXFileReference; fileEncoding = 4; lastKnownFileType = sourcecode.c.objc; path = DetailViewController.m; sourceTree = "<group>"; };
		50BCCB551DF5E8B100FCA904 /* location-reminds.app */ = {isa = PBXFileReference; explicitFileType = wrapper.application; includeInIndex = 0; path = "location-reminds.app"; sourceTree = BUILT_PRODUCTS_DIR; };
		50BCCB591DF5E8B100FCA904 /* main.m */ = {isa = PBXFileReference; lastKnownFileType = sourcecode.c.objc; path = main.m; sourceTree = "<group>"; };
		50BCCB5B1DF5E8B100FCA904 /* AppDelegate.h */ = {isa = PBXFileReference; lastKnownFileType = sourcecode.c.h; path = AppDelegate.h; sourceTree = "<group>"; };
		50BCCB5C1DF5E8B100FCA904 /* AppDelegate.m */ = {isa = PBXFileReference; lastKnownFileType = sourcecode.c.objc; path = AppDelegate.m; sourceTree = "<group>"; };
		50BCCB5E1DF5E8B100FCA904 /* ViewController.h */ = {isa = PBXFileReference; lastKnownFileType = sourcecode.c.h; path = ViewController.h; sourceTree = "<group>"; };
		50BCCB5F1DF5E8B100FCA904 /* ViewController.m */ = {isa = PBXFileReference; lastKnownFileType = sourcecode.c.objc; path = ViewController.m; sourceTree = "<group>"; };
		50BCCB621DF5E8B100FCA904 /* Base */ = {isa = PBXFileReference; lastKnownFileType = file.storyboard; name = Base; path = Base.lproj/Main.storyboard; sourceTree = "<group>"; };
		50BCCB641DF5E8B100FCA904 /* Assets.xcassets */ = {isa = PBXFileReference; lastKnownFileType = folder.assetcatalog; path = Assets.xcassets; sourceTree = "<group>"; };
		50BCCB671DF5E8B100FCA904 /* Base */ = {isa = PBXFileReference; lastKnownFileType = file.storyboard; name = Base; path = Base.lproj/LaunchScreen.storyboard; sourceTree = "<group>"; };
		50BCCB691DF5E8B100FCA904 /* Info.plist */ = {isa = PBXFileReference; lastKnownFileType = text.plist.xml; path = Info.plist; sourceTree = "<group>"; };
		50BCCB7C1DF5EFEC00FCA904 /* Bolts.framework */ = {isa = PBXFileReference; lastKnownFileType = wrapper.framework; name = Bolts.framework; path = Carthage/Build/iOS/Bolts.framework; sourceTree = "<group>"; };
		50BCCB7E1DF5EFF600FCA904 /* Parse.framework */ = {isa = PBXFileReference; lastKnownFileType = wrapper.framework; name = Parse.framework; path = Carthage/Build/iOS/Parse.framework; sourceTree = "<group>"; };
		50BCCB821DF5F0C400FCA904 /* ParseCredentials.h */ = {isa = PBXFileReference; lastKnownFileType = sourcecode.c.h; path = ParseCredentials.h; sourceTree = "<group>"; };
/* End PBXFileReference section */

/* Begin PBXFrameworksBuildPhase section */
		50BCCB521DF5E8B100FCA904 /* Frameworks */ = {
			isa = PBXFrameworksBuildPhase;
			buildActionMask = 2147483647;
			files = (
				50BCCB7F1DF5EFF600FCA904 /* Parse.framework in Frameworks */,
				50BCCB7D1DF5EFEC00FCA904 /* Bolts.framework in Frameworks */,
			);
			runOnlyForDeploymentPostprocessing = 0;
		};
/* End PBXFrameworksBuildPhase section */

/* Begin PBXGroup section */
		50BCCB4C1DF5E8B100FCA904 = {
			isa = PBXGroup;
			children = (
				50BCCB571DF5E8B100FCA904 /* location-reminds */,
				50BCCB561DF5E8B100FCA904 /* Products */,
				50BCCB7B1DF5EFEB00FCA904 /* Frameworks */,
			);
			sourceTree = "<group>";
		};
		50BCCB561DF5E8B100FCA904 /* Products */ = {
			isa = PBXGroup;
			children = (
				50BCCB551DF5E8B100FCA904 /* location-reminds.app */,
			);
			name = Products;
			sourceTree = "<group>";
		};
		50BCCB571DF5E8B100FCA904 /* location-reminds */ = {
			isa = PBXGroup;
			children = (
				50BCCB5B1DF5E8B100FCA904 /* AppDelegate.h */,
				50BCCB5C1DF5E8B100FCA904 /* AppDelegate.m */,
				50BCCB821DF5F0C400FCA904 /* ParseCredentials.h */,
				50BCCB5E1DF5E8B100FCA904 /* ViewController.h */,
				50BCCB5F1DF5E8B100FCA904 /* ViewController.m */,
				50BCCB611DF5E8B100FCA904 /* Main.storyboard */,
				50AB7DFB1DF74FBE00E5CC26 /* DetailViewController.h */,
				50AB7DFC1DF74FBE00E5CC26 /* DetailViewController.m */,
				50AB7DF81DF740F800E5CC26 /* LocationController.h */,
				50AB7DF91DF740F800E5CC26 /* LocationController.m */,
				50BCCB641DF5E8B100FCA904 /* Assets.xcassets */,
				50BCCB661DF5E8B100FCA904 /* LaunchScreen.storyboard */,
				50BCCB691DF5E8B100FCA904 /* Info.plist */,
				50BCCB581DF5E8B100FCA904 /* Supporting Files */,
			);
			path = "location-reminds";
			sourceTree = "<group>";
		};
		50BCCB581DF5E8B100FCA904 /* Supporting Files */ = {
			isa = PBXGroup;
			children = (
				50BCCB591DF5E8B100FCA904 /* main.m */,
			);
			name = "Supporting Files";
			sourceTree = "<group>";
		};
		50BCCB7B1DF5EFEB00FCA904 /* Frameworks */ = {
			isa = PBXGroup;
			children = (
				50BCCB7E1DF5EFF600FCA904 /* Parse.framework */,
				50BCCB7C1DF5EFEC00FCA904 /* Bolts.framework */,
			);
			name = Frameworks;
			sourceTree = "<group>";
		};
/* End PBXGroup section */

/* Begin PBXNativeTarget section */
		50BCCB541DF5E8B100FCA904 /* location-reminds */ = {
			isa = PBXNativeTarget;
			buildConfigurationList = 50BCCB6C1DF5E8B100FCA904 /* Build configuration list for PBXNativeTarget "location-reminds" */;
			buildPhases = (
				50BCCB511DF5E8B100FCA904 /* Sources */,
				50BCCB521DF5E8B100FCA904 /* Frameworks */,
				50BCCB531DF5E8B100FCA904 /* Resources */,
				50BCCB781DF5ED6100FCA904 /* CopyFiles */,
			);
			buildRules = (
			);
			dependencies = (
			);
			name = "location-reminds";
			productName = "location-reminds";
			productReference = 50BCCB551DF5E8B100FCA904 /* location-reminds.app */;
			productType = "com.apple.product-type.application";
		};
/* End PBXNativeTarget section */

/* Begin PBXProject section */
		50BCCB4D1DF5E8B100FCA904 /* Project object */ = {
			isa = PBXProject;
			attributes = {
				LastUpgradeCheck = 0810;
				ORGANIZATIONNAME = "John Shaff";
				TargetAttributes = {
					50BCCB541DF5E8B100FCA904 = {
						CreatedOnToolsVersion = 8.1;
						DevelopmentTeam = 679533JEG9;
						ProvisioningStyle = Automatic;
					};
				};
			};
			buildConfigurationList = 50BCCB501DF5E8B100FCA904 /* Build configuration list for PBXProject "location-reminds" */;
			compatibilityVersion = "Xcode 3.2";
			developmentRegion = English;
			hasScannedForEncodings = 0;
			knownRegions = (
				en,
				Base,
			);
			mainGroup = 50BCCB4C1DF5E8B100FCA904;
			productRefGroup = 50BCCB561DF5E8B100FCA904 /* Products */;
			projectDirPath = "";
			projectRoot = "";
			targets = (
				50BCCB541DF5E8B100FCA904 /* location-reminds */,
			);
		};
/* End PBXProject section */

/* Begin PBXResourcesBuildPhase section */
		50BCCB531DF5E8B100FCA904 /* Resources */ = {
			isa = PBXResourcesBuildPhase;
			buildActionMask = 2147483647;
			files = (
				50BCCB681DF5E8B100FCA904 /* LaunchScreen.storyboard in Resources */,
				50BCCB651DF5E8B100FCA904 /* Assets.xcassets in Resources */,
				50BCCB631DF5E8B100FCA904 /* Main.storyboard in Resources */,
			);
			runOnlyForDeploymentPostprocessing = 0;
		};
/* End PBXResourcesBuildPhase section */

/* Begin PBXSourcesBuildPhase section */
		50BCCB511DF5E8B100FCA904 /* Sources */ = {
			isa = PBXSourcesBuildPhase;
			buildActionMask = 2147483647;
			files = (
				50AB7DFD1DF74FBE00E5CC26 /* DetailViewController.m in Sources */,
				50AB7DFA1DF740F800E5CC26 /* LocationController.m in Sources */,
				50BCCB601DF5E8B100FCA904 /* ViewController.m in Sources */,
				50BCCB5D1DF5E8B100FCA904 /* AppDelegate.m in Sources */,
				50BCCB5A1DF5E8B100FCA904 /* main.m in Sources */,
			);
			runOnlyForDeploymentPostprocessing = 0;
		};
/* End PBXSourcesBuildPhase section */

/* Begin PBXVariantGroup section */
		50BCCB611DF5E8B100FCA904 /* Main.storyboard */ = {
			isa = PBXVariantGroup;
			children = (
				50BCCB621DF5E8B100FCA904 /* Base */,
			);
			name = Main.storyboard;
			sourceTree = "<group>";
		};
		50BCCB661DF5E8B100FCA904 /* LaunchScreen.storyboard */ = {
			isa = PBXVariantGroup;
			children = (
				50BCCB671DF5E8B100FCA904 /* Base */,
			);
			name = LaunchScreen.storyboard;
			sourceTree = "<group>";
		};
/* End PBXVariantGroup section */

/* Begin XCBuildConfiguration section */
		50BCCB6A1DF5E8B100FCA904 /* Debug */ = {
			isa = XCBuildConfiguration;
			buildSettings = {
				ALWAYS_SEARCH_USER_PATHS = NO;
				CLANG_ANALYZER_NONNULL = YES;
				CLANG_CXX_LANGUAGE_STANDARD = "gnu++0x";
				CLANG_CXX_LIBRARY = "libc++";
				CLANG_ENABLE_MODULES = YES;
				CLANG_ENABLE_OBJC_ARC = YES;
				CLANG_WARN_BOOL_CONVERSION = YES;
				CLANG_WARN_CONSTANT_CONVERSION = YES;
				CLANG_WARN_DIRECT_OBJC_ISA_USAGE = YES_ERROR;
				CLANG_WARN_DOCUMENTATION_COMMENTS = YES;
				CLANG_WARN_EMPTY_BODY = YES;
				CLANG_WARN_ENUM_CONVERSION = YES;
				CLANG_WARN_INFINITE_RECURSION = YES;
				CLANG_WARN_INT_CONVERSION = YES;
				CLANG_WARN_OBJC_ROOT_CLASS = YES_ERROR;
				CLANG_WARN_SUSPICIOUS_MOVES = YES;
				CLANG_WARN_UNREACHABLE_CODE = YES;
				CLANG_WARN__DUPLICATE_METHOD_MATCH = YES;
				"CODE_SIGN_IDENTITY[sdk=iphoneos*]" = "iPhone Developer";
				COPY_PHASE_STRIP = NO;
				DEBUG_INFORMATION_FORMAT = dwarf;
				ENABLE_STRICT_OBJC_MSGSEND = YES;
				ENABLE_TESTABILITY = YES;
				GCC_C_LANGUAGE_STANDARD = gnu99;
				GCC_DYNAMIC_NO_PIC = NO;
				GCC_NO_COMMON_BLOCKS = YES;
				GCC_OPTIMIZATION_LEVEL = 0;
				GCC_PREPROCESSOR_DEFINITIONS = (
					"DEBUG=1",
					"$(inherited)",
				);
				GCC_WARN_64_TO_32_BIT_CONVERSION = YES;
				GCC_WARN_ABOUT_RETURN_TYPE = YES_ERROR;
				GCC_WARN_UNDECLARED_SELECTOR = YES;
				GCC_WARN_UNINITIALIZED_AUTOS = YES_AGGRESSIVE;
				GCC_WARN_UNUSED_FUNCTION = YES;
				GCC_WARN_UNUSED_VARIABLE = YES;
				IPHONEOS_DEPLOYMENT_TARGET = 10.1;
				MTL_ENABLE_DEBUG_INFO = YES;
				ONLY_ACTIVE_ARCH = YES;
				SDKROOT = iphoneos;
				TARGETED_DEVICE_FAMILY = "1,2";
			};
			name = Debug;
		};
		50BCCB6B1DF5E8B100FCA904 /* Release */ = {
			isa = XCBuildConfiguration;
			buildSettings = {
				ALWAYS_SEARCH_USER_PATHS = NO;
				CLANG_ANALYZER_NONNULL = YES;
				CLANG_CXX_LANGUAGE_STANDARD = "gnu++0x";
				CLANG_CXX_LIBRARY = "libc++";
				CLANG_ENABLE_MODULES = YES;
				CLANG_ENABLE_OBJC_ARC = YES;
				CLANG_WARN_BOOL_CONVERSION = YES;
				CLANG_WARN_CONSTANT_CONVERSION = YES;
				CLANG_WARN_DIRECT_OBJC_ISA_USAGE = YES_ERROR;
				CLANG_WARN_DOCUMENTATION_COMMENTS = YES;
				CLANG_WARN_EMPTY_BODY = YES;
				CLANG_WARN_ENUM_CONVERSION = YES;
				CLANG_WARN_INFINITE_RECURSION = YES;
				CLANG_WARN_INT_CONVERSION = YES;
				CLANG_WARN_OBJC_ROOT_CLASS = YES_ERROR;
				CLANG_WARN_SUSPICIOUS_MOVES = YES;
				CLANG_WARN_UNREACHABLE_CODE = YES;
				CLANG_WARN__DUPLICATE_METHOD_MATCH = YES;
				"CODE_SIGN_IDENTITY[sdk=iphoneos*]" = "iPhone Developer";
				COPY_PHASE_STRIP = NO;
				DEBUG_INFORMATION_FORMAT = "dwarf-with-dsym";
				ENABLE_NS_ASSERTIONS = NO;
				ENABLE_STRICT_OBJC_MSGSEND = YES;
				GCC_C_LANGUAGE_STANDARD = gnu99;
				GCC_NO_COMMON_BLOCKS = YES;
				GCC_WARN_64_TO_32_BIT_CONVERSION = YES;
				GCC_WARN_ABOUT_RETURN_TYPE = YES_ERROR;
				GCC_WARN_UNDECLARED_SELECTOR = YES;
				GCC_WARN_UNINITIALIZED_AUTOS = YES_AGGRESSIVE;
				GCC_WARN_UNUSED_FUNCTION = YES;
				GCC_WARN_UNUSED_VARIABLE = YES;
				IPHONEOS_DEPLOYMENT_TARGET = 10.1;
				MTL_ENABLE_DEBUG_INFO = NO;
				SDKROOT = iphoneos;
				TARGETED_DEVICE_FAMILY = "1,2";
				VALIDATE_PRODUCT = YES;
			};
			name = Release;
		};
		50BCCB6D1DF5E8B100FCA904 /* Debug */ = {
			isa = XCBuildConfiguration;
			buildSettings = {
				ASSETCATALOG_COMPILER_APPICON_NAME = AppIcon;
				DEVELOPMENT_TEAM = 679533JEG9;
				FRAMEWORK_SEARCH_PATHS = (
					"$(inherited)",
					"$(PROJECT_DIR)/Carthage/Build/iOS",
				);
				INFOPLIST_FILE = "location-reminds/Info.plist";
				LD_RUNPATH_SEARCH_PATHS = "$(inherited) @executable_path/Frameworks";
				PRODUCT_BUNDLE_IDENTIFIER = "com.johnshaff.location-reminds";
				PRODUCT_NAME = "$(TARGET_NAME)";
			};
			name = Debug;
		};
		50BCCB6E1DF5E8B100FCA904 /* Release */ = {
			isa = XCBuildConfiguration;
			buildSettings = {
				ASSETCATALOG_COMPILER_APPICON_NAME = AppIcon;
				DEVELOPMENT_TEAM = 679533JEG9;
				FRAMEWORK_SEARCH_PATHS = (
					"$(inherited)",
					"$(PROJECT_DIR)/Carthage/Build/iOS",
				);
				INFOPLIST_FILE = "location-reminds/Info.plist";
				LD_RUNPATH_SEARCH_PATHS = "$(inherited) @executable_path/Frameworks";
				PRODUCT_BUNDLE_IDENTIFIER = "com.johnshaff.location-reminds";
				PRODUCT_NAME = "$(TARGET_NAME)";
			};
			name = Release;
		};
/* End XCBuildConfiguration section */

/* Begin XCConfigurationList section */
		50BCCB501DF5E8B100FCA904 /* Build configuration list for PBXProject "location-reminds" */ = {
			isa = XCConfigurationList;
			buildConfigurations = (
				50BCCB6A1DF5E8B100FCA904 /* Debug */,
				50BCCB6B1DF5E8B100FCA904 /* Release */,
			);
			defaultConfigurationIsVisible = 0;
			defaultConfigurationName = Release;
		};
		50BCCB6C1DF5E8B100FCA904 /* Build configuration list for PBXNativeTarget "location-reminds" */ = {
			isa = XCConfigurationList;
			buildConfigurations = (
				50BCCB6D1DF5E8B100FCA904 /* Debug */,
				50BCCB6E1DF5E8B100FCA904 /* Release */,
			);
			defaultConfigurationIsVisible = 0;
			defaultConfigurationName = Release;
		};
/* End XCConfigurationList section */
	};
	rootObject = 50BCCB4D1DF5E8B100FCA904 /* Project object */;
}
